
Microsoft Visual Studio Solution File, Format Version 12.00
# Visual Studio 14
VisualStudioVersion = 14.0.25123.0
MinimumVisualStudioVersion = 10.0.40219.1
Project("{FAE04EC0-301F-11D3-BF4B-00C04F79EFBC}") = "MTSite", "MTSite\MTSite.csproj", "{B3CB7610-23BB-4F7F-AAF3-D7A638A8335B}"
EndProject
Project("{FAE04EC0-301F-11D3-BF4B-00C04F79EFBC}") = "MTSite.Tests", "MTSite.Tests\MTSite.Tests.csproj", "{169D36AC-542E-4873-9111-D6328CFE836D}"
EndProject
Global
	GlobalSection(SolutionConfigurationPlatforms) = preSolution
		Debug|Any CPU = Debug|Any CPU
		Release|Any CPU = Release|Any CPU
	EndGlobalSection
	GlobalSection(ProjectConfigurationPlatforms) = postSolution
		{B3CB7610-23BB-4F7F-AAF3-D7A638A8335B}.Debug|Any CPU.ActiveCfg = Debug|Any CPU
		{B3CB7610-23BB-4F7F-AAF3-D7A638A8335B}.Debug|Any CPU.Build.0 = Debug|Any CPU
		{B3CB7610-23BB-4F7F-AAF3-D7A638A8335B}.Release|Any CPU.ActiveCfg = Release|Any CPU
		{B3CB7610-23BB-4F7F-AAF3-D7A638A8335B}.Release|Any CPU.Build.0 = Release|Any CPU
		{169D36AC-542E-4873-9111-D6328CFE836D}.Debug|Any CPU.ActiveCfg = Debug|Any CPU
		{169D36AC-542E-4873-9111-D6328CFE836D}.Debug|Any CPU.Build.0 = Debug|Any CPU
		{169D36AC-542E-4873-9111-D6328CFE836D}.Release|Any CPU.ActiveCfg = Release|Any CPU
		{169D36AC-542E-4873-9111-D6328CFE836D}.Release|Any CPU.Build.0 = Release|Any CPU
	EndGlobalSection
	GlobalSection(SolutionProperties) = preSolution
		HideSolutionNode = FALSE
	EndGlobalSection
EndGlobal
